
Microsoft Visual Studio Solution File, Format Version 12.00
# Visual Studio Version 17
VisualStudioVersion = 17.7.34031.279
MinimumVisualStudioVersion = 10.0.40219.1
Project("{FAE04EC0-301F-11D3-BF4B-00C04F79EFBC}") = "EasySave", "EasySave.csproj", "{562E1C70-9D0D-4E01-A72A-590FA25478EC}"
EndProject
Global
	GlobalSection(SolutionConfigurationPlatforms) = preSolution
		Debug|Any CPU = Debug|Any CPU
		Release|Any CPU = Release|Any CPU
	EndGlobalSection
	GlobalSection(ProjectConfigurationPlatforms) = postSolution
		{562E1C70-9D0D-4E01-A72A-590FA25478EC}.Debug|Any CPU.ActiveCfg = Debug|Any CPU
		{562E1C70-9D0D-4E01-A72A-590FA25478EC}.Debug|Any CPU.Build.0 = Debug|Any CPU
		{562E1C70-9D0D-4E01-A72A-590FA25478EC}.Release|Any CPU.ActiveCfg = Release|Any CPU
		{562E1C70-9D0D-4E01-A72A-590FA25478EC}.Release|Any CPU.Build.0 = Release|Any CPU
	EndGlobalSection
	GlobalSection(SolutionProperties) = preSolution
		HideSolutionNode = FALSE
	EndGlobalSection
	GlobalSection(ExtensibilityGlobals) = postSolution
		SolutionGuid = {34F02D0C-C7B6-44A9-8CEC-43ED7C65F818}
	EndGlobalSection
EndGlobal
